
Microsoft Visual Studio Solution File, Format Version 12.00
# Visual Studio Version 17
VisualStudioVersion = 17.7.34031.279
MinimumVisualStudioVersion = 10.0.40219.1
Project("{FAE04EC0-301F-11D3-BF4B-00C04F79EFBC}") = "CountDownTimer", "CountDownTimer\CountDownTimer.csproj", "{ADD534B1-718C-4BAC-800E-2E0331747DB0}"
EndProject
Global
	GlobalSection(SolutionConfigurationPlatforms) = preSolution
		Debug|Any CPU = Debug|Any CPU
		Release|Any CPU = Release|Any CPU
	EndGlobalSection
	GlobalSection(ProjectConfigurationPlatforms) = postSolution
		{ADD534B1-718C-4BAC-800E-2E0331747DB0}.Debug|Any CPU.ActiveCfg = Debug|Any CPU
		{ADD534B1-718C-4BAC-800E-2E0331747DB0}.Debug|Any CPU.Build.0 = Debug|Any CPU
		{ADD534B1-718C-4BAC-800E-2E0331747DB0}.Release|Any CPU.ActiveCfg = Release|Any CPU
		{ADD534B1-718C-4BAC-800E-2E0331747DB0}.Release|Any CPU.Build.0 = Release|Any CPU
	EndGlobalSection
	GlobalSection(SolutionProperties) = preSolution
		HideSolutionNode = FALSE
	EndGlobalSection
	GlobalSection(ExtensibilityGlobals) = postSolution
		SolutionGuid = {9C7CEC9A-5436-4F1A-8A20-3453DDAEE2B0}
	EndGlobalSection
EndGlobal
